// !$*UTF8*$!
{
	archiveVersion = 1;
	classes = {
	};
	objectVersion = 46;
	objects = {

/* Begin PBXBuildFile section */
		9BCA59311F44B2A00052A0E9 /* AppDelegate.swift in Sources */ = {isa = PBXBuildFile; fileRef = 9BCA59301F44B2A00052A0E9 /* AppDelegate.swift */; };
		9BCA59331F44B2A00052A0E9 /* ViewController.swift in Sources */ = {isa = PBXBuildFile; fileRef = 9BCA59321F44B2A00052A0E9 /* ViewController.swift */; };
		9BCA59361F44B2A00052A0E9 /* Main.storyboard in Resources */ = {isa = PBXBuildFile; fileRef = 9BCA59341F44B2A00052A0E9 /* Main.storyboard */; };
		9BCA59381F44B2A00052A0E9 /* Assets.xcassets in Resources */ = {isa = PBXBuildFile; fileRef = 9BCA59371F44B2A00052A0E9 /* Assets.xcassets */; };
		9BCA593B1F44B2A00052A0E9 /* LaunchScreen.storyboard in Resources */ = {isa = PBXBuildFile; fileRef = 9BCA59391F44B2A00052A0E9 /* LaunchScreen.storyboard */; };
		9BCA59461F44B2A10052A0E9 /* Yale_DiningTests.swift in Sources */ = {isa = PBXBuildFile; fileRef = 9BCA59451F44B2A10052A0E9 /* Yale_DiningTests.swift */; };
/* End PBXBuildFile section */

/* Begin PBXContainerItemProxy section */
		9BCA59421F44B2A10052A0E9 /* PBXContainerItemProxy */ = {
			isa = PBXContainerItemProxy;
			containerPortal = 9BCA59251F44B2A00052A0E9 /* Project object */;
			proxyType = 1;
			remoteGlobalIDString = 9BCA592C1F44B2A00052A0E9;
			remoteInfo = "Yale Dining";
		};
/* End PBXContainerItemProxy section */

/* Begin PBXFileReference section */
		9BCA592D1F44B2A00052A0E9 /* Yale Dining.app */ = {isa = PBXFileReference; explicitFileType = wrapper.application; includeInIndex = 0; path = "Yale Dining.app"; sourceTree = BUILT_PRODUCTS_DIR; };
		9BCA59301F44B2A00052A0E9 /* AppDelegate.swift */ = {isa = PBXFileReference; lastKnownFileType = sourcecode.swift; path = AppDelegate.swift; sourceTree = "<group>"; };
		9BCA59321F44B2A00052A0E9 /* ViewController.swift */ = {isa = PBXFileReference; lastKnownFileType = sourcecode.swift; path = ViewController.swift; sourceTree = "<group>"; };
		9BCA59351F44B2A00052A0E9 /* Base */ = {isa = PBXFileReference; lastKnownFileType = file.storyboard; name = Base; path = Base.lproj/Main.storyboard; sourceTree = "<group>"; };
		9BCA59371F44B2A00052A0E9 /* Assets.xcassets */ = {isa = PBXFileReference; lastKnownFileType = folder.assetcatalog; path = Assets.xcassets; sourceTree = "<group>"; };
		9BCA593A1F44B2A00052A0E9 /* Base */ = {isa = PBXFileReference; lastKnownFileType = file.storyboard; name = Base; path = Base.lproj/LaunchScreen.storyboard; sourceTree = "<group>"; };
		9BCA593C1F44B2A00052A0E9 /* Info.plist */ = {isa = PBXFileReference; lastKnownFileType = text.plist.xml; path = Info.plist; sourceTree = "<group>"; };
		9BCA59411F44B2A10052A0E9 /* Yale DiningTests.xctest */ = {isa = PBXFileReference; explicitFileType = wrapper.cfbundle; includeInIndex = 0; path = "Yale DiningTests.xctest"; sourceTree = BUILT_PRODUCTS_DIR; };
		9BCA59451F44B2A10052A0E9 /* Yale_DiningTests.swift */ = {isa = PBXFileReference; lastKnownFileType = sourcecode.swift; path = Yale_DiningTests.swift; sourceTree = "<group>"; };
		9BCA59471F44B2A10052A0E9 /* Info.plist */ = {isa = PBXFileReference; lastKnownFileType = text.plist.xml; path = Info.plist; sourceTree = "<group>"; };
/* End PBXFileReference section */

/* Begin PBXFrameworksBuildPhase section */
		9BCA592A1F44B2A00052A0E9 /* Frameworks */ = {
			isa = PBXFrameworksBuildPhase;
			buildActionMask = 2147483647;
			files = (
			);
			runOnlyForDeploymentPostprocessing = 0;
		};
		9BCA593E1F44B2A10052A0E9 /* Frameworks */ = {
			isa = PBXFrameworksBuildPhase;
			buildActionMask = 2147483647;
			files = (
			);
			runOnlyForDeploymentPostprocessing = 0;
		};
/* End PBXFrameworksBuildPhase section */

/* Begin PBXGroup section */
		9BCA59241F44B2A00052A0E9 = {
			isa = PBXGroup;
			children = (
				9BCA592F1F44B2A00052A0E9 /* Yale Dining */,
				9BCA59441F44B2A10052A0E9 /* Yale DiningTests */,
				9BCA592E1F44B2A00052A0E9 /* Products */,
			);
			sourceTree = "<group>";
		};
		9BCA592E1F44B2A00052A0E9 /* Products */ = {
			isa = PBXGroup;
			children = (
				9BCA592D1F44B2A00052A0E9 /* Yale Dining.app */,
				9BCA59411F44B2A10052A0E9 /* Yale DiningTests.xctest */,
			);
			name = Products;
			sourceTree = "<group>";
		};
		9BCA592F1F44B2A00052A0E9 /* Yale Dining */ = {
			isa = PBXGroup;
			children = (
				9BCA59301F44B2A00052A0E9 /* AppDelegate.swift */,
				9BCA59321F44B2A00052A0E9 /* ViewController.swift */,
				9BCA59341F44B2A00052A0E9 /* Main.storyboard */,
				9BCA59371F44B2A00052A0E9 /* Assets.xcassets */,
				9BCA59391F44B2A00052A0E9 /* LaunchScreen.storyboard */,
				9BCA593C1F44B2A00052A0E9 /* Info.plist */,
			);
			path = "Yale Dining";
			sourceTree = "<group>";
		};
		9BCA59441F44B2A10052A0E9 /* Yale DiningTests */ = {
			isa = PBXGroup;
			children = (
				9BCA59451F44B2A10052A0E9 /* Yale_DiningTests.swift */,
				9BCA59471F44B2A10052A0E9 /* Info.plist */,
			);
			path = "Yale DiningTests";
			sourceTree = "<group>";
		};
/* End PBXGroup section */

/* Begin PBXNativeTarget section */
		9BCA592C1F44B2A00052A0E9 /* Yale Dining */ = {
			isa = PBXNativeTarget;
			buildConfigurationList = 9BCA594A1F44B2A10052A0E9 /* Build configuration list for PBXNativeTarget "Yale Dining" */;
			buildPhases = (
				9BCA59291F44B2A00052A0E9 /* Sources */,
				9BCA592A1F44B2A00052A0E9 /* Frameworks */,
				9BCA592B1F44B2A00052A0E9 /* Resources */,
			);
			buildRules = (
			);
			dependencies = (
			);
			name = "Yale Dining";
			productName = "Yale Dining";
			productReference = 9BCA592D1F44B2A00052A0E9 /* Yale Dining.app */;
			productType = "com.apple.product-type.application";
		};
		9BCA59401F44B2A10052A0E9 /* Yale DiningTests */ = {
			isa = PBXNativeTarget;
			buildConfigurationList = 9BCA594D1F44B2A10052A0E9 /* Build configuration list for PBXNativeTarget "Yale DiningTests" */;
			buildPhases = (
				9BCA593D1F44B2A10052A0E9 /* Sources */,
				9BCA593E1F44B2A10052A0E9 /* Frameworks */,
				9BCA593F1F44B2A10052A0E9 /* Resources */,
			);
			buildRules = (
			);
			dependencies = (
				9BCA59431F44B2A10052A0E9 /* PBXTargetDependency */,
			);
			name = "Yale DiningTests";
			productName = "Yale DiningTests";
			productReference = 9BCA59411F44B2A10052A0E9 /* Yale DiningTests.xctest */;
			productType = "com.apple.product-type.bundle.unit-test";
		};
/* End PBXNativeTarget section */

/* Begin PBXProject section */
		9BCA59251F44B2A00052A0E9 /* Project object */ = {
			isa = PBXProject;
			attributes = {
				LastSwiftUpdateCheck = 0830;
				LastUpgradeCheck = 0830;
				ORGANIZATIONNAME = "Yale SDMP";
				TargetAttributes = {
					9BCA592C1F44B2A00052A0E9 = {
						CreatedOnToolsVersion = 8.3.3;
						DevelopmentTeam = 63934CMXQD;
						ProvisioningStyle = Automatic;
					};
					9BCA59401F44B2A10052A0E9 = {
						CreatedOnToolsVersion = 8.3.3;
						DevelopmentTeam = 63934CMXQD;
						ProvisioningStyle = Automatic;
						TestTargetID = 9BCA592C1F44B2A00052A0E9;
					};
				};
			};
			buildConfigurationList = 9BCA59281F44B2A00052A0E9 /* Build configuration list for PBXProject "Yale Dining" */;
			compatibilityVersion = "Xcode 3.2";
			developmentRegion = English;
			hasScannedForEncodings = 0;
			knownRegions = (
				en,
				Base,
			);
			mainGroup = 9BCA59241F44B2A00052A0E9;
			productRefGroup = 9BCA592E1F44B2A00052A0E9 /* Products */;
			projectDirPath = "";
			projectRoot = "";
			targets = (
				9BCA592C1F44B2A00052A0E9 /* Yale Dining */,
				9BCA59401F44B2A10052A0E9 /* Yale DiningTests */,
			);
		};
/* End PBXProject section */

/* Begin PBXResourcesBuildPhase section */
		9BCA592B1F44B2A00052A0E9 /* Resources */ = {
			isa = PBXResourcesBuildPhase;
			buildActionMask = 2147483647;
			files = (
				9BCA593B1F44B2A00052A0E9 /* LaunchScreen.storyboard in Resources */,
				9BCA59381F44B2A00052A0E9 /* Assets.xcassets in Resources */,
				9BCA59361F44B2A00052A0E9 /* Main.storyboard in Resources */,
			);
			runOnlyForDeploymentPostprocessing = 0;
		};
		9BCA593F1F44B2A10052A0E9 /* Resources */ = {
			isa = PBXResourcesBuildPhase;
			buildActionMask = 2147483647;
			files = (
			);
			runOnlyForDeploymentPostprocessing = 0;
		};
/* End PBXResourcesBuildPhase section */

/* Begin PBXSourcesBuildPhase section */
		9BCA59291F44B2A00052A0E9 /* Sources */ = {
			isa = PBXSourcesBuildPhase;
			buildActionMask = 2147483647;
			files = (
				9BCA59331F44B2A00052A0E9 /* ViewController.swift in Sources */,
				9BCA59311F44B2A00052A0E9 /* AppDelegate.swift in Sources */,
			);
			runOnlyForDeploymentPostprocessing = 0;
		};
		9BCA593D1F44B2A10052A0E9 /* Sources */ = {
			isa = PBXSourcesBuildPhase;
			buildActionMask = 2147483647;
			files = (
				9BCA59461F44B2A10052A0E9 /* Yale_DiningTests.swift in Sources */,
			);
			runOnlyForDeploymentPostprocessing = 0;
		};
/* End PBXSourcesBuildPhase section */

/* Begin PBXTargetDependency section */
		9BCA59431F44B2A10052A0E9 /* PBXTargetDependency */ = {
			isa = PBXTargetDependency;
			target = 9BCA592C1F44B2A00052A0E9 /* Yale Dining */;
			targetProxy = 9BCA59421F44B2A10052A0E9 /* PBXContainerItemProxy */;
		};
/* End PBXTargetDependency section */

/* Begin PBXVariantGroup section */
		9BCA59341F44B2A00052A0E9 /* Main.storyboard */ = {
			isa = PBXVariantGroup;
			children = (
				9BCA59351F44B2A00052A0E9 /* Base */,
			);
			name = Main.storyboard;
			sourceTree = "<group>";
		};
		9BCA59391F44B2A00052A0E9 /* LaunchScreen.storyboard */ = {
			isa = PBXVariantGroup;
			children = (
				9BCA593A1F44B2A00052A0E9 /* Base */,
			);
			name = LaunchScreen.storyboard;
			sourceTree = "<group>";
		};
/* End PBXVariantGroup section */

/* Begin XCBuildConfiguration section */
		9BCA59481F44B2A10052A0E9 /* Debug */ = {
			isa = XCBuildConfiguration;
			buildSettings = {
				ALWAYS_SEARCH_USER_PATHS = NO;
				CLANG_ANALYZER_NONNULL = YES;
				CLANG_ANALYZER_NUMBER_OBJECT_CONVERSION = YES_AGGRESSIVE;
				CLANG_CXX_LANGUAGE_STANDARD = "gnu++0x";
				CLANG_CXX_LIBRARY = "libc++";
				CLANG_ENABLE_MODULES = YES;
				CLANG_ENABLE_OBJC_ARC = YES;
				CLANG_WARN_BOOL_CONVERSION = YES;
				CLANG_WARN_CONSTANT_CONVERSION = YES;
				CLANG_WARN_DIRECT_OBJC_ISA_USAGE = YES_ERROR;
				CLANG_WARN_DOCUMENTATION_COMMENTS = YES;
				CLANG_WARN_EMPTY_BODY = YES;
				CLANG_WARN_ENUM_CONVERSION = YES;
				CLANG_WARN_INFINITE_RECURSION = YES;
				CLANG_WARN_INT_CONVERSION = YES;
				CLANG_WARN_OBJC_ROOT_CLASS = YES_ERROR;
				CLANG_WARN_SUSPICIOUS_MOVE = YES;
				CLANG_WARN_UNREACHABLE_CODE = YES;
				CLANG_WARN__DUPLICATE_METHOD_MATCH = YES;
				"CODE_SIGN_IDENTITY[sdk=iphoneos*]" = "iPhone Developer";
				COPY_PHASE_STRIP = NO;
				DEBUG_INFORMATION_FORMAT = dwarf;
				ENABLE_STRICT_OBJC_MSGSEND = YES;
				ENABLE_TESTABILITY = YES;
				GCC_C_LANGUAGE_STANDARD = gnu99;
				GCC_DYNAMIC_NO_PIC = NO;
				GCC_NO_COMMON_BLOCKS = YES;
				GCC_OPTIMIZATION_LEVEL = 0;
				GCC_PREPROCESSOR_DEFINITIONS = (
					"DEBUG=1",
					"$(inherited)",
				);
				GCC_WARN_64_TO_32_BIT_CONVERSION = YES;
				GCC_WARN_ABOUT_RETURN_TYPE = YES_ERROR;
				GCC_WARN_UNDECLARED_SELECTOR = YES;
				GCC_WARN_UNINITIALIZED_AUTOS = YES_AGGRESSIVE;
				GCC_WARN_UNUSED_FUNCTION = YES;
				GCC_WARN_UNUSED_VARIABLE = YES;
				IPHONEOS_DEPLOYMENT_TARGET = 10.3;
				MTL_ENABLE_DEBUG_INFO = YES;
				ONLY_ACTIVE_ARCH = YES;
				SDKROOT = iphoneos;
				SWIFT_ACTIVE_COMPILATION_CONDITIONS = DEBUG;
				SWIFT_OPTIMIZATION_LEVEL = "-Onone";
			};
			name = Debug;
		};
		9BCA59491F44B2A10052A0E9 /* Release */ = {
			isa = XCBuildConfiguration;
			buildSettings = {
				ALWAYS_SEARCH_USER_PATHS = NO;
				CLANG_ANALYZER_NONNULL = YES;
				CLANG_ANALYZER_NUMBER_OBJECT_CONVERSION = YES_AGGRESSIVE;
				CLANG_CXX_LANGUAGE_STANDARD = "gnu++0x";
				CLANG_CXX_LIBRARY = "libc++";
				CLANG_ENABLE_MODULES = YES;
				CLANG_ENABLE_OBJC_ARC = YES;
				CLANG_WARN_BOOL_CONVERSION = YES;
				CLANG_WARN_CONSTANT_CONVERSION = YES;
				CLANG_WARN_DIRECT_OBJC_ISA_USAGE = YES_ERROR;
				CLANG_WARN_DOCUMENTATION_COMMENTS = YES;
				CLANG_WARN_EMPTY_BODY = YES;
				CLANG_WARN_ENUM_CONVERSION = YES;
				CLANG_WARN_INFINITE_RECURSION = YES;
				CLANG_WARN_INT_CONVERSION = YES;
				CLANG_WARN_OBJC_ROOT_CLASS = YES_ERROR;
				CLANG_WARN_SUSPICIOUS_MOVE = YES;
				CLANG_WARN_UNREACHABLE_CODE = YES;
				CLANG_WARN__DUPLICATE_METHOD_MATCH = YES;
				"CODE_SIGN_IDENTITY[sdk=iphoneos*]" = "iPhone Developer";
				COPY_PHASE_STRIP = NO;
				DEBUG_INFORMATION_FORMAT = "dwarf-with-dsym";
				ENABLE_NS_ASSERTIONS = NO;
				ENABLE_STRICT_OBJC_MSGSEND = YES;
				GCC_C_LANGUAGE_STANDARD = gnu99;
				GCC_NO_COMMON_BLOCKS = YES;
				GCC_WARN_64_TO_32_BIT_CONVERSION = YES;
				GCC_WARN_ABOUT_RETURN_TYPE = YES_ERROR;
				GCC_WARN_UNDECLARED_SELECTOR = YES;
				GCC_WARN_UNINITIALIZED_AUTOS = YES_AGGRESSIVE;
				GCC_WARN_UNUSED_FUNCTION = YES;
				GCC_WARN_UNUSED_VARIABLE = YES;
				IPHONEOS_DEPLOYMENT_TARGET = 10.3;
				MTL_ENABLE_DEBUG_INFO = NO;
				SDKROOT = iphoneos;
				SWIFT_OPTIMIZATION_LEVEL = "-Owholemodule";
				VALIDATE_PRODUCT = YES;
			};
			name = Release;
		};
		9BCA594B1F44B2A10052A0E9 /* Debug */ = {
			isa = XCBuildConfiguration;
			buildSettings = {
				ASSETCATALOG_COMPILER_APPICON_NAME = AppIcon;
				DEVELOPMENT_TEAM = 63934CMXQD;
				INFOPLIST_FILE = "Yale Dining/Info.plist";
				LD_RUNPATH_SEARCH_PATHS = "$(inherited) @executable_path/Frameworks";
				PRODUCT_BUNDLE_IDENTIFIER = "yale.sdmp.Yale-Dining";
				PRODUCT_NAME = "$(TARGET_NAME)";
				SWIFT_VERSION = 3.0;
			};
			name = Debug;
		};
		9BCA594C1F44B2A10052A0E9 /* Release */ = {
			isa = XCBuildConfiguration;
			buildSettings = {
				ASSETCATALOG_COMPILER_APPICON_NAME = AppIcon;
				DEVELOPMENT_TEAM = 63934CMXQD;
				INFOPLIST_FILE = "Yale Dining/Info.plist";
				LD_RUNPATH_SEARCH_PATHS = "$(inherited) @executable_path/Frameworks";
				PRODUCT_BUNDLE_IDENTIFIER = "yale.sdmp.Yale-Dining";
				PRODUCT_NAME = "$(TARGET_NAME)";
				SWIFT_VERSION = 3.0;
			};
			name = Release;
		};
		9BCA594E1F44B2A10052A0E9 /* Debug */ = {
			isa = XCBuildConfiguration;
			buildSettings = {
				ALWAYS_EMBED_SWIFT_STANDARD_LIBRARIES = YES;
				BUNDLE_LOADER = "$(TEST_HOST)";
				DEVELOPMENT_TEAM = 63934CMXQD;
				INFOPLIST_FILE = "Yale DiningTests/Info.plist";
				LD_RUNPATH_SEARCH_PATHS = "$(inherited) @executable_path/Frameworks @loader_path/Frameworks";
				PRODUCT_BUNDLE_IDENTIFIER = "yale.sdmp.Yale-DiningTests";
				PRODUCT_NAME = "$(TARGET_NAME)";
				SWIFT_VERSION = 3.0;
				TEST_HOST = "$(BUILT_PRODUCTS_DIR)/Yale Dining.app/Yale Dining";
			};
			name = Debug;
		};
		9BCA594F1F44B2A10052A0E9 /* Release */ = {
			isa = XCBuildConfiguration;
			buildSettings = {
				ALWAYS_EMBED_SWIFT_STANDARD_LIBRARIES = YES;
				BUNDLE_LOADER = "$(TEST_HOST)";
				DEVELOPMENT_TEAM = 63934CMXQD;
				INFOPLIST_FILE = "Yale DiningTests/Info.plist";
				LD_RUNPATH_SEARCH_PATHS = "$(inherited) @executable_path/Frameworks @loader_path/Frameworks";
				PRODUCT_BUNDLE_IDENTIFIER = "yale.sdmp.Yale-DiningTests";
				PRODUCT_NAME = "$(TARGET_NAME)";
				SWIFT_VERSION = 3.0;
				TEST_HOST = "$(BUILT_PRODUCTS_DIR)/Yale Dining.app/Yale Dining";
			};
			name = Release;
		};
/* End XCBuildConfiguration section */

/* Begin XCConfigurationList section */
		9BCA59281F44B2A00052A0E9 /* Build configuration list for PBXProject "Yale Dining" */ = {
			isa = XCConfigurationList;
			buildConfigurations = (
				9BCA59481F44B2A10052A0E9 /* Debug */,
				9BCA59491F44B2A10052A0E9 /* Release */,
			);
			defaultConfigurationIsVisible = 0;
			defaultConfigurationName = Release;
		};
		9BCA594A1F44B2A10052A0E9 /* Build configuration list for PBXNativeTarget "Yale Dining" */ = {
			isa = XCConfigurationList;
			buildConfigurations = (
				9BCA594B1F44B2A10052A0E9 /* Debug */,
				9BCA594C1F44B2A10052A0E9 /* Release */,
			);
			defaultConfigurationIsVisible = 0;
		};
		9BCA594D1F44B2A10052A0E9 /* Build configuration list for PBXNativeTarget "Yale DiningTests" */ = {
			isa = XCConfigurationList;
			buildConfigurations = (
				9BCA594E1F44B2A10052A0E9 /* Debug */,
				9BCA594F1F44B2A10052A0E9 /* Release */,
			);
			defaultConfigurationIsVisible = 0;
		};
/* End XCConfigurationList section */
	};
	rootObject = 9BCA59251F44B2A00052A0E9 /* Project object */;
}
